# THIS IS AN AUTOGENERATED FILE. DO NOT EDIT THIS FILE DIRECTLY.
# yarn lockfile v1


"@types/inflection@^1.5.28":
  version "1.5.28"
  resolved "https://registry.yarnpkg.com/@types/inflection/-/inflection-1.5.28.tgz#43d55e0d72cf333a2dffd9c4ec0407455a1b0931"
  integrity sha1-Q9VeDXLPMzot/9nE7AQHRVobCTE=

inflection@^1.12.0:
  version "1.12.0"
  resolved "https://registry.yarnpkg.com/inflection/-/inflection-1.12.0.tgz#a200935656d6f5f6bc4dc7502e1aecb703228416"
  integrity sha1-ogCTVlbW9fa8TcdQLhrstwMihBY=
